{
  "nodes": {
    "bgfx-master": {
      "inputs": {
        "flakeNimbleLib": [
          "flakeNimbleLib"
        ],
        "nixpkgs": [
          "nixpkgs"
        ],
        "src-bgfx-master": "src-bgfx-master"
      },
      "locked": {
        "dir": "master",
        "lastModified": 1667322164,
        "narHash": "sha256-3ffa4FC8wf4m8E9+PJ9gZL9WDBW/T7vzjhrCYdFxXo0=",
        "owner": "nim-nix-pkgs",
        "repo": "bgfx",
        "rev": "9ea8851d6c61f1fa1745e28676d3a49086aa8bd5",
        "type": "github"
      },
      "original": {
        "dir": "master",
        "owner": "nim-nix-pkgs",
        "ref": "master",
        "repo": "bgfx",
        "type": "github"
      }
    },
    "flakeNimbleLib": {
      "inputs": {
        "nixpkgs": [
          "nixpkgs"
        ]
      },
      "locked": {
        "lastModified": 1662018438,
        "narHash": "sha256-QtNtU6+LX3Wokxf0zlFwKTFOcn6TeDjKQZ+DA9OYtvM=",
        "owner": "riinr",
        "repo": "nim-flakes-lib",
        "rev": "b1fe8340736e3a85d25c709ac3dfd82a55c03cbf",
        "type": "github"
      },
      "original": {
        "owner": "riinr",
        "ref": "master",
        "repo": "nim-flakes-lib",
        "type": "github"
      }
    },
    "nixpkgs": {
      "locked": {
        "lastModified": 1667199707,
        "narHash": "sha256-I2Js3Y7gUyVSEXPULHlBoRek4Lh85vnevdS6mdvDNLI=",
        "owner": "NixOS",
        "repo": "nixpkgs",
        "rev": "ced197be72099edcfa68ebed8b87af7b04851f45",
        "type": "github"
      },
      "original": {
        "id": "nixpkgs",
        "type": "indirect"
      }
    },
    "root": {
      "inputs": {
        "bgfx-master": "bgfx-master",
        "flakeNimbleLib": "flakeNimbleLib",
        "nixpkgs": "nixpkgs"
      }
    },
    "src-bgfx-master": {
      "flake": false,
      "locked": {
        "lastModified": 1489292000,
        "narHash": "sha256-7wZz0brrFlDnua+2Xb+ntcHaVTkQu+Z6Xc6Y+b3Rook=",
        "owner": "Halsys",
        "repo": "nim-bgfx",
        "rev": "575797b9a037731ad9e7ff3f12b35a211b7bbfe2",
        "type": "github"
      },
      "original": {
        "owner": "Halsys",
        "ref": "refs/heads/master",
        "repo": "nim-bgfx",
        "type": "github"
      }
    }
  },
  "root": "root",
  "version": 7
}
